// !$*UTF8*$!
{
	archiveVersion = 1;
	classes = {
	};
	objectVersion = 60;
	objects = {

/* Begin PBXBuildFile section */
		9E58A4EE2C1EF756000A9913 /* MaskingApp.swift in Sources */ = {isa = PBXBuildFile; fileRef = 9E58A4ED2C1EF756000A9913 /* MaskingApp.swift */; };
		9E58A4F02C1EF756000A9913 /* ContentView.swift in Sources */ = {isa = PBXBuildFile; fileRef = 9E58A4EF2C1EF756000A9913 /* ContentView.swift */; };
		9E58A4F22C1EF757000A9913 /* Assets.xcassets in Resources */ = {isa = PBXBuildFile; fileRef = 9E58A4F12C1EF757000A9913 /* Assets.xcassets */; };
		9E58A4F52C1EF757000A9913 /* Preview Assets.xcassets in Resources */ = {isa = PBXBuildFile; fileRef = 9E58A4F42C1EF757000A9913 /* Preview Assets.xcassets */; };
		9E58A4FF2C1EF758000A9913 /* MaskingTests.swift in Sources */ = {isa = PBXBuildFile; fileRef = 9E58A4FE2C1EF758000A9913 /* MaskingTests.swift */; };
		9E58A5092C1EF758000A9913 /* MaskingUITests.swift in Sources */ = {isa = PBXBuildFile; fileRef = 9E58A5082C1EF758000A9913 /* MaskingUITests.swift */; };
		9E58A50B2C1EF758000A9913 /* MaskingUITestsLaunchTests.swift in Sources */ = {isa = PBXBuildFile; fileRef = 9E58A50A2C1EF758000A9913 /* MaskingUITestsLaunchTests.swift */; };
/* End PBXBuildFile section */

/* Begin PBXContainerItemProxy section */
		9E58A4FB2C1EF758000A9913 /* PBXContainerItemProxy */ = {
			isa = PBXContainerItemProxy;
			containerPortal = 9E58A4E22C1EF756000A9913 /* Project object */;
			proxyType = 1;
			remoteGlobalIDString = 9E58A4E92C1EF756000A9913;
			remoteInfo = Masking;
		};
		9E58A5052C1EF758000A9913 /* PBXContainerItemProxy */ = {
			isa = PBXContainerItemProxy;
			containerPortal = 9E58A4E22C1EF756000A9913 /* Project object */;
			proxyType = 1;
			remoteGlobalIDString = 9E58A4E92C1EF756000A9913;
			remoteInfo = Masking;
		};
/* End PBXContainerItemProxy section */

/* Begin PBXFileReference section */
		9E58A4EA2C1EF756000A9913 /* Masking.app */ = {isa = PBXFileReference; explicitFileType = wrapper.application; includeInIndex = 0; path = Masking.app; sourceTree = BUILT_PRODUCTS_DIR; };
		9E58A4ED2C1EF756000A9913 /* MaskingApp.swift */ = {isa = PBXFileReference; lastKnownFileType = sourcecode.swift; path = MaskingApp.swift; sourceTree = "<group>"; };
		9E58A4EF2C1EF756000A9913 /* ContentView.swift */ = {isa = PBXFileReference; lastKnownFileType = sourcecode.swift; path = ContentView.swift; sourceTree = "<group>"; };
		9E58A4F12C1EF757000A9913 /* Assets.xcassets */ = {isa = PBXFileReference; lastKnownFileType = folder.assetcatalog; path = Assets.xcassets; sourceTree = "<group>"; };
		9E58A4F42C1EF757000A9913 /* Preview Assets.xcassets */ = {isa = PBXFileReference; lastKnownFileType = folder.assetcatalog; path = "Preview Assets.xcassets"; sourceTree = "<group>"; };
		9E58A4FA2C1EF758000A9913 /* MaskingTests.xctest */ = {isa = PBXFileReference; explicitFileType = wrapper.cfbundle; includeInIndex = 0; path = MaskingTests.xctest; sourceTree = BUILT_PRODUCTS_DIR; };
		9E58A4FE2C1EF758000A9913 /* MaskingTests.swift */ = {isa = PBXFileReference; lastKnownFileType = sourcecode.swift; path = MaskingTests.swift; sourceTree = "<group>"; };
		9E58A5042C1EF758000A9913 /* MaskingUITests.xctest */ = {isa = PBXFileReference; explicitFileType = wrapper.cfbundle; includeInIndex = 0; path = MaskingUITests.xctest; sourceTree = BUILT_PRODUCTS_DIR; };
		9E58A5082C1EF758000A9913 /* MaskingUITests.swift */ = {isa = PBXFileReference; lastKnownFileType = sourcecode.swift; path = MaskingUITests.swift; sourceTree = "<group>"; };
		9E58A50A2C1EF758000A9913 /* MaskingUITestsLaunchTests.swift */ = {isa = PBXFileReference; lastKnownFileType = sourcecode.swift; path = MaskingUITestsLaunchTests.swift; sourceTree = "<group>"; };
/* End PBXFileReference section */

/* Begin PBXFrameworksBuildPhase section */
		9E58A4E72C1EF756000A9913 /* Frameworks */ = {
			isa = PBXFrameworksBuildPhase;
			buildActionMask = 2147483647;
			files = (
			);
			runOnlyForDeploymentPostprocessing = 0;
		};
		9E58A4F72C1EF758000A9913 /* Frameworks */ = {
			isa = PBXFrameworksBuildPhase;
			buildActionMask = 2147483647;
			files = (
			);
			runOnlyForDeploymentPostprocessing = 0;
		};
		9E58A5012C1EF758000A9913 /* Frameworks */ = {
			isa = PBXFrameworksBuildPhase;
			buildActionMask = 2147483647;
			files = (
			);
			runOnlyForDeploymentPostprocessing = 0;
		};
/* End PBXFrameworksBuildPhase section */

/* Begin PBXGroup section */
		9E58A4E12C1EF756000A9913 = {
			isa = PBXGroup;
			children = (
				9E58A4EC2C1EF756000A9913 /* Masking */,
				9E58A4FD2C1EF758000A9913 /* MaskingTests */,
				9E58A5072C1EF758000A9913 /* MaskingUITests */,
				9E58A4EB2C1EF756000A9913 /* Products */,
			);
			sourceTree = "<group>";
		};
		9E58A4EB2C1EF756000A9913 /* Products */ = {
			isa = PBXGroup;
			children = (
				9E58A4EA2C1EF756000A9913 /* Masking.app */,
				9E58A4FA2C1EF758000A9913 /* MaskingTests.xctest */,
				9E58A5042C1EF758000A9913 /* MaskingUITests.xctest */,
			);
			name = Products;
			sourceTree = "<group>";
		};
		9E58A4EC2C1EF756000A9913 /* Masking */ = {
			isa = PBXGroup;
			children = (
				9E58A4ED2C1EF756000A9913 /* MaskingApp.swift */,
				9E58A4EF2C1EF756000A9913 /* ContentView.swift */,
				9E58A4F12C1EF757000A9913 /* Assets.xcassets */,
				9E58A4F32C1EF757000A9913 /* Preview Content */,
			);
			path = Masking;
			sourceTree = "<group>";
		};
		9E58A4F32C1EF757000A9913 /* Preview Content */ = {
			isa = PBXGroup;
			children = (
				9E58A4F42C1EF757000A9913 /* Preview Assets.xcassets */,
			);
			path = "Preview Content";
			sourceTree = "<group>";
		};
		9E58A4FD2C1EF758000A9913 /* MaskingTests */ = {
			isa = PBXGroup;
			children = (
				9E58A4FE2C1EF758000A9913 /* MaskingTests.swift */,
			);
			path = MaskingTests;
			sourceTree = "<group>";
		};
		9E58A5072C1EF758000A9913 /* MaskingUITests */ = {
			isa = PBXGroup;
			children = (
				9E58A5082C1EF758000A9913 /* MaskingUITests.swift */,
				9E58A50A2C1EF758000A9913 /* MaskingUITestsLaunchTests.swift */,
			);
			path = MaskingUITests;
			sourceTree = "<group>";
		};
/* End PBXGroup section */

/* Begin PBXNativeTarget section */
		9E58A4E92C1EF756000A9913 /* Masking */ = {
			isa = PBXNativeTarget;
			buildConfigurationList = 9E58A50E2C1EF758000A9913 /* Build configuration list for PBXNativeTarget "Masking" */;
			buildPhases = (
				9E58A4E62C1EF756000A9913 /* Sources */,
				9E58A4E72C1EF756000A9913 /* Frameworks */,
				9E58A4E82C1EF756000A9913 /* Resources */,
			);
			buildRules = (
			);
			dependencies = (
			);
			name = Masking;
			productName = Masking;
			productReference = 9E58A4EA2C1EF756000A9913 /* Masking.app */;
			productType = "com.apple.product-type.application";
		};
		9E58A4F92C1EF758000A9913 /* MaskingTests */ = {
			isa = PBXNativeTarget;
			buildConfigurationList = 9E58A5112C1EF758000A9913 /* Build configuration list for PBXNativeTarget "MaskingTests" */;
			buildPhases = (
				9E58A4F62C1EF758000A9913 /* Sources */,
				9E58A4F72C1EF758000A9913 /* Frameworks */,
				9E58A4F82C1EF758000A9913 /* Resources */,
			);
			buildRules = (
			);
			dependencies = (
				9E58A4FC2C1EF758000A9913 /* PBXTargetDependency */,
			);
			name = MaskingTests;
			productName = MaskingTests;
			productReference = 9E58A4FA2C1EF758000A9913 /* MaskingTests.xctest */;
			productType = "com.apple.product-type.bundle.unit-test";
		};
		9E58A5032C1EF758000A9913 /* MaskingUITests */ = {
			isa = PBXNativeTarget;
			buildConfigurationList = 9E58A5142C1EF758000A9913 /* Build configuration list for PBXNativeTarget "MaskingUITests" */;
			buildPhases = (
				9E58A5002C1EF758000A9913 /* Sources */,
				9E58A5012C1EF758000A9913 /* Frameworks */,
				9E58A5022C1EF758000A9913 /* Resources */,
			);
			buildRules = (
			);
			dependencies = (
				9E58A5062C1EF758000A9913 /* PBXTargetDependency */,
			);
			name = MaskingUITests;
			productName = MaskingUITests;
			productReference = 9E58A5042C1EF758000A9913 /* MaskingUITests.xctest */;
			productType = "com.apple.product-type.bundle.ui-testing";
		};
/* End PBXNativeTarget section */

/* Begin PBXProject section */
		9E58A4E22C1EF756000A9913 /* Project object */ = {
			isa = PBXProject;
			attributes = {
				BuildIndependentTargetsInParallel = 1;
				LastSwiftUpdateCheck = 1600;
				LastUpgradeCheck = 1600;
				TargetAttributes = {
					9E58A4E92C1EF756000A9913 = {
						CreatedOnToolsVersion = 16.0;
					};
					9E58A4F92C1EF758000A9913 = {
						CreatedOnToolsVersion = 16.0;
						TestTargetID = 9E58A4E92C1EF756000A9913;
					};
					9E58A5032C1EF758000A9913 = {
						CreatedOnToolsVersion = 16.0;
						TestTargetID = 9E58A4E92C1EF756000A9913;
					};
				};
			};
			buildConfigurationList = 9E58A4E52C1EF756000A9913 /* Build configuration list for PBXProject "Masking" */;
			compatibilityVersion = "Xcode 15.0";
			developmentRegion = en;
			hasScannedForEncodings = 0;
			knownRegions = (
				en,
				Base,
			);
			mainGroup = 9E58A4E12C1EF756000A9913;
			productRefGroup = 9E58A4EB2C1EF756000A9913 /* Products */;
			projectDirPath = "";
			projectRoot = "";
			targets = (
				9E58A4E92C1EF756000A9913 /* Masking */,
				9E58A4F92C1EF758000A9913 /* MaskingTests */,
				9E58A5032C1EF758000A9913 /* MaskingUITests */,
			);
		};
/* End PBXProject section */

/* Begin PBXResourcesBuildPhase section */
		9E58A4E82C1EF756000A9913 /* Resources */ = {
			isa = PBXResourcesBuildPhase;
			buildActionMask = 2147483647;
			files = (
				9E58A4F52C1EF757000A9913 /* Preview Assets.xcassets in Resources */,
				9E58A4F22C1EF757000A9913 /* Assets.xcassets in Resources */,
			);
			runOnlyForDeploymentPostprocessing = 0;
		};
		9E58A4F82C1EF758000A9913 /* Resources */ = {
			isa = PBXResourcesBuildPhase;
			buildActionMask = 2147483647;
			files = (
			);
			runOnlyForDeploymentPostprocessing = 0;
		};
		9E58A5022C1EF758000A9913 /* Resources */ = {
			isa = PBXResourcesBuildPhase;
			buildActionMask = 2147483647;
			files = (
			);
			runOnlyForDeploymentPostprocessing = 0;
		};
/* End PBXResourcesBuildPhase section */

/* Begin PBXSourcesBuildPhase section */
		9E58A4E62C1EF756000A9913 /* Sources */ = {
			isa = PBXSourcesBuildPhase;
			buildActionMask = 2147483647;
			files = (
				9E58A4F02C1EF756000A9913 /* ContentView.swift in Sources */,
				9E58A4EE2C1EF756000A9913 /* MaskingApp.swift in Sources */,
			);
			runOnlyForDeploymentPostprocessing = 0;
		};
		9E58A4F62C1EF758000A9913 /* Sources */ = {
			isa = PBXSourcesBuildPhase;
			buildActionMask = 2147483647;
			files = (
				9E58A4FF2C1EF758000A9913 /* MaskingTests.swift in Sources */,
			);
			runOnlyForDeploymentPostprocessing = 0;
		};
		9E58A5002C1EF758000A9913 /* Sources */ = {
			isa = PBXSourcesBuildPhase;
			buildActionMask = 2147483647;
			files = (
				9E58A5092C1EF758000A9913 /* MaskingUITests.swift in Sources */,
				9E58A50B2C1EF758000A9913 /* MaskingUITestsLaunchTests.swift in Sources */,
			);
			runOnlyForDeploymentPostprocessing = 0;
		};
/* End PBXSourcesBuildPhase section */

/* Begin PBXTargetDependency section */
		9E58A4FC2C1EF758000A9913 /* PBXTargetDependency */ = {
			isa = PBXTargetDependency;
			target = 9E58A4E92C1EF756000A9913 /* Masking */;
			targetProxy = 9E58A4FB2C1EF758000A9913 /* PBXContainerItemProxy */;
		};
		9E58A5062C1EF758000A9913 /* PBXTargetDependency */ = {
			isa = PBXTargetDependency;
			target = 9E58A4E92C1EF756000A9913 /* Masking */;
			targetProxy = 9E58A5052C1EF758000A9913 /* PBXContainerItemProxy */;
		};
/* End PBXTargetDependency section */

/* Begin XCBuildConfiguration section */
		9E58A50C2C1EF758000A9913 /* Debug */ = {
			isa = XCBuildConfiguration;
			buildSettings = {
				ALWAYS_SEARCH_USER_PATHS = NO;
				ASSETCATALOG_COMPILER_GENERATE_SWIFT_ASSET_SYMBOL_EXTENSIONS = YES;
				CLANG_ANALYZER_NONNULL = YES;
				CLANG_ANALYZER_NUMBER_OBJECT_CONVERSION = YES_AGGRESSIVE;
				CLANG_CXX_LANGUAGE_STANDARD = "gnu++20";
				CLANG_ENABLE_MODULES = YES;
				CLANG_ENABLE_OBJC_ARC = YES;
				CLANG_ENABLE_OBJC_WEAK = YES;
				CLANG_WARN_BLOCK_CAPTURE_AUTORELEASING = YES;
				CLANG_WARN_BOOL_CONVERSION = YES;
				CLANG_WARN_COMMA = YES;
				CLANG_WARN_CONSTANT_CONVERSION = YES;
				CLANG_WARN_DEPRECATED_OBJC_IMPLEMENTATIONS = YES;
				CLANG_WARN_DIRECT_OBJC_ISA_USAGE = YES_ERROR;
				CLANG_WARN_DOCUMENTATION_COMMENTS = YES;
				CLANG_WARN_EMPTY_BODY = YES;
				CLANG_WARN_ENUM_CONVERSION = YES;
				CLANG_WARN_INFINITE_RECURSION = YES;
				CLANG_WARN_INT_CONVERSION = YES;
				CLANG_WARN_NON_LITERAL_NULL_CONVERSION = YES;
				CLANG_WARN_OBJC_IMPLICIT_RETAIN_SELF = YES;
				CLANG_WARN_OBJC_LITERAL_CONVERSION = YES;
				CLANG_WARN_OBJC_ROOT_CLASS = YES_ERROR;
				CLANG_WARN_QUOTED_INCLUDE_IN_FRAMEWORK_HEADER = YES;
				CLANG_WARN_RANGE_LOOP_ANALYSIS = YES;
				CLANG_WARN_STRICT_PROTOTYPES = YES;
				CLANG_WARN_SUSPICIOUS_MOVE = YES;
				CLANG_WARN_UNGUARDED_AVAILABILITY = YES_AGGRESSIVE;
				CLANG_WARN_UNREACHABLE_CODE = YES;
				CLANG_WARN__DUPLICATE_METHOD_MATCH = YES;
				COPY_PHASE_STRIP = NO;
				DEBUG_INFORMATION_FORMAT = dwarf;
				ENABLE_STRICT_OBJC_MSGSEND = YES;
				ENABLE_TESTABILITY = YES;
				ENABLE_USER_SCRIPT_SANDBOXING = YES;
				GCC_C_LANGUAGE_STANDARD = gnu17;
				GCC_DYNAMIC_NO_PIC = NO;
				GCC_NO_COMMON_BLOCKS = YES;
				GCC_OPTIMIZATION_LEVEL = 0;
				GCC_PREPROCESSOR_DEFINITIONS = (
					"DEBUG=1",
					"$(inherited)",
				);
				GCC_WARN_64_TO_32_BIT_CONVERSION = YES;
				GCC_WARN_ABOUT_RETURN_TYPE = YES_ERROR;
				GCC_WARN_UNDECLARED_SELECTOR = YES;
				GCC_WARN_UNINITIALIZED_AUTOS = YES_AGGRESSIVE;
				GCC_WARN_UNUSED_FUNCTION = YES;
				GCC_WARN_UNUSED_VARIABLE = YES;
				IPHONEOS_DEPLOYMENT_TARGET = 18.0;
				LOCALIZATION_PREFERS_STRING_CATALOGS = YES;
				MTL_ENABLE_DEBUG_INFO = INCLUDE_SOURCE;
				MTL_FAST_MATH = YES;
				ONLY_ACTIVE_ARCH = YES;
				SDKROOT = iphoneos;
				SWIFT_ACTIVE_COMPILATION_CONDITIONS = "DEBUG $(inherited)";
				SWIFT_OPTIMIZATION_LEVEL = "-Onone";
			};
			name = Debug;
		};
		9E58A50D2C1EF758000A9913 /* Release */ = {
			isa = XCBuildConfiguration;
			buildSettings = {
				ALWAYS_SEARCH_USER_PATHS = NO;
				ASSETCATALOG_COMPILER_GENERATE_SWIFT_ASSET_SYMBOL_EXTENSIONS = YES;
				CLANG_ANALYZER_NONNULL = YES;
				CLANG_ANALYZER_NUMBER_OBJECT_CONVERSION = YES_AGGRESSIVE;
				CLANG_CXX_LANGUAGE_STANDARD = "gnu++20";
				CLANG_ENABLE_MODULES = YES;
				CLANG_ENABLE_OBJC_ARC = YES;
				CLANG_ENABLE_OBJC_WEAK = YES;
				CLANG_WARN_BLOCK_CAPTURE_AUTORELEASING = YES;
				CLANG_WARN_BOOL_CONVERSION = YES;
				CLANG_WARN_COMMA = YES;
				CLANG_WARN_CONSTANT_CONVERSION = YES;
				CLANG_WARN_DEPRECATED_OBJC_IMPLEMENTATIONS = YES;
				CLANG_WARN_DIRECT_OBJC_ISA_USAGE = YES_ERROR;
				CLANG_WARN_DOCUMENTATION_COMMENTS = YES;
				CLANG_WARN_EMPTY_BODY = YES;
				CLANG_WARN_ENUM_CONVERSION = YES;
				CLANG_WARN_INFINITE_RECURSION = YES;
				CLANG_WARN_INT_CONVERSION = YES;
				CLANG_WARN_NON_LITERAL_NULL_CONVERSION = YES;
				CLANG_WARN_OBJC_IMPLICIT_RETAIN_SELF = YES;
				CLANG_WARN_OBJC_LITERAL_CONVERSION = YES;
				CLANG_WARN_OBJC_ROOT_CLASS = YES_ERROR;
				CLANG_WARN_QUOTED_INCLUDE_IN_FRAMEWORK_HEADER = YES;
				CLANG_WARN_RANGE_LOOP_ANALYSIS = YES;
				CLANG_WARN_STRICT_PROTOTYPES = YES;
				CLANG_WARN_SUSPICIOUS_MOVE = YES;
				CLANG_WARN_UNGUARDED_AVAILABILITY = YES_AGGRESSIVE;
				CLANG_WARN_UNREACHABLE_CODE = YES;
				CLANG_WARN__DUPLICATE_METHOD_MATCH = YES;
				COPY_PHASE_STRIP = NO;
				DEBUG_INFORMATION_FORMAT = "dwarf-with-dsym";
				ENABLE_NS_ASSERTIONS = NO;
				ENABLE_STRICT_OBJC_MSGSEND = YES;
				ENABLE_USER_SCRIPT_SANDBOXING = YES;
				GCC_C_LANGUAGE_STANDARD = gnu17;
				GCC_NO_COMMON_BLOCKS = YES;
				GCC_WARN_64_TO_32_BIT_CONVERSION = YES;
				GCC_WARN_ABOUT_RETURN_TYPE = YES_ERROR;
				GCC_WARN_UNDECLARED_SELECTOR = YES;
				GCC_WARN_UNINITIALIZED_AUTOS = YES_AGGRESSIVE;
				GCC_WARN_UNUSED_FUNCTION = YES;
				GCC_WARN_UNUSED_VARIABLE = YES;
				IPHONEOS_DEPLOYMENT_TARGET = 18.0;
				LOCALIZATION_PREFERS_STRING_CATALOGS = YES;
				MTL_ENABLE_DEBUG_INFO = NO;
				MTL_FAST_MATH = YES;
				SDKROOT = iphoneos;
				SWIFT_COMPILATION_MODE = wholemodule;
				VALIDATE_PRODUCT = YES;
			};
			name = Release;
		};
		9E58A50F2C1EF758000A9913 /* Debug */ = {
			isa = XCBuildConfiguration;
			buildSettings = {
				ASSETCATALOG_COMPILER_APPICON_NAME = AppIcon;
				ASSETCATALOG_COMPILER_GLOBAL_ACCENT_COLOR_NAME = AccentColor;
				CODE_SIGN_STYLE = Automatic;
				CURRENT_PROJECT_VERSION = 1;
				DEVELOPMENT_ASSET_PATHS = "\"Masking/Preview Content\"";
				DEVELOPMENT_TEAM = K3JR62TZ76;
				ENABLE_PREVIEWS = YES;
				GENERATE_INFOPLIST_FILE = YES;
				INFOPLIST_KEY_UIApplicationSceneManifest_Generation = YES;
				INFOPLIST_KEY_UIApplicationSupportsIndirectInputEvents = YES;
				INFOPLIST_KEY_UILaunchScreen_Generation = YES;
				INFOPLIST_KEY_UISupportedInterfaceOrientations_iPad = "UIInterfaceOrientationPortrait UIInterfaceOrientationPortraitUpsideDown UIInterfaceOrientationLandscapeLeft UIInterfaceOrientationLandscapeRight";
				INFOPLIST_KEY_UISupportedInterfaceOrientations_iPhone = "UIInterfaceOrientationPortrait UIInterfaceOrientationLandscapeLeft UIInterfaceOrientationLandscapeRight";
				LD_RUNPATH_SEARCH_PATHS = (
					"$(inherited)",
					"@executable_path/Frameworks",
				);
				MARKETING_VERSION = 1.0;
				PRODUCT_BUNDLE_IDENTIFIER = com.isad.Masking;
				PRODUCT_NAME = "$(TARGET_NAME)";
				SWIFT_EMIT_LOC_STRINGS = YES;
				SWIFT_VERSION = 5.0;
				TARGETED_DEVICE_FAMILY = "1,2";
			};
			name = Debug;
		};
		9E58A5102C1EF758000A9913 /* Release */ = {
			isa = XCBuildConfiguration;
			buildSettings = {
				ASSETCATALOG_COMPILER_APPICON_NAME = AppIcon;
				ASSETCATALOG_COMPILER_GLOBAL_ACCENT_COLOR_NAME = AccentColor;
				CODE_SIGN_STYLE = Automatic;
				CURRENT_PROJECT_VERSION = 1;
				DEVELOPMENT_ASSET_PATHS = "\"Masking/Preview Content\"";
				DEVELOPMENT_TEAM = K3JR62TZ76;
				ENABLE_PREVIEWS = YES;
				GENERATE_INFOPLIST_FILE = YES;
				INFOPLIST_KEY_UIApplicationSceneManifest_Generation = YES;
				INFOPLIST_KEY_UIApplicationSupportsIndirectInputEvents = YES;
				INFOPLIST_KEY_UILaunchScreen_Generation = YES;
				INFOPLIST_KEY_UISupportedInterfaceOrientations_iPad = "UIInterfaceOrientationPortrait UIInterfaceOrientationPortraitUpsideDown UIInterfaceOrientationLandscapeLeft UIInterfaceOrientationLandscapeRight";
				INFOPLIST_KEY_UISupportedInterfaceOrientations_iPhone = "UIInterfaceOrientationPortrait UIInterfaceOrientationLandscapeLeft UIInterfaceOrientationLandscapeRight";
				LD_RUNPATH_SEARCH_PATHS = (
					"$(inherited)",
					"@executable_path/Frameworks",
				);
				MARKETING_VERSION = 1.0;
				PRODUCT_BUNDLE_IDENTIFIER = com.isad.Masking;
				PRODUCT_NAME = "$(TARGET_NAME)";
				SWIFT_EMIT_LOC_STRINGS = YES;
				SWIFT_VERSION = 5.0;
				TARGETED_DEVICE_FAMILY = "1,2";
			};
			name = Release;
		};
		9E58A5122C1EF758000A9913 /* Debug */ = {
			isa = XCBuildConfiguration;
			buildSettings = {
				BUNDLE_LOADER = "$(TEST_HOST)";
				CODE_SIGN_STYLE = Automatic;
				CURRENT_PROJECT_VERSION = 1;
				DEVELOPMENT_TEAM = K3JR62TZ76;
				GENERATE_INFOPLIST_FILE = YES;
				IPHONEOS_DEPLOYMENT_TARGET = 18.0;
				MARKETING_VERSION = 1.0;
				PRODUCT_BUNDLE_IDENTIFIER = com.isad.MaskingTests;
				PRODUCT_NAME = "$(TARGET_NAME)";
				SWIFT_EMIT_LOC_STRINGS = NO;
				SWIFT_VERSION = 5.0;
				TARGETED_DEVICE_FAMILY = "1,2";
				TEST_HOST = "$(BUILT_PRODUCTS_DIR)/Masking.app/$(BUNDLE_EXECUTABLE_FOLDER_PATH)/Masking";
			};
			name = Debug;
		};
		9E58A5132C1EF758000A9913 /* Release */ = {
			isa = XCBuildConfiguration;
			buildSettings = {
				BUNDLE_LOADER = "$(TEST_HOST)";
				CODE_SIGN_STYLE = Automatic;
				CURRENT_PROJECT_VERSION = 1;
				DEVELOPMENT_TEAM = K3JR62TZ76;
				GENERATE_INFOPLIST_FILE = YES;
				IPHONEOS_DEPLOYMENT_TARGET = 18.0;
				MARKETING_VERSION = 1.0;
				PRODUCT_BUNDLE_IDENTIFIER = com.isad.MaskingTests;
				PRODUCT_NAME = "$(TARGET_NAME)";
				SWIFT_EMIT_LOC_STRINGS = NO;
				SWIFT_VERSION = 5.0;
				TARGETED_DEVICE_FAMILY = "1,2";
				TEST_HOST = "$(BUILT_PRODUCTS_DIR)/Masking.app/$(BUNDLE_EXECUTABLE_FOLDER_PATH)/Masking";
			};
			name = Release;
		};
		9E58A5152C1EF758000A9913 /* Debug */ = {
			isa = XCBuildConfiguration;
			buildSettings = {
				CODE_SIGN_STYLE = Automatic;
				CURRENT_PROJECT_VERSION = 1;
				DEVELOPMENT_TEAM = K3JR62TZ76;
				GENERATE_INFOPLIST_FILE = YES;
				MARKETING_VERSION = 1.0;
				PRODUCT_BUNDLE_IDENTIFIER = com.isad.MaskingUITests;
				PRODUCT_NAME = "$(TARGET_NAME)";
				SWIFT_EMIT_LOC_STRINGS = NO;
				SWIFT_VERSION = 5.0;
				TARGETED_DEVICE_FAMILY = "1,2";
				TEST_TARGET_NAME = Masking;
			};
			name = Debug;
		};
		9E58A5162C1EF758000A9913 /* Release */ = {
			isa = XCBuildConfiguration;
			buildSettings = {
				CODE_SIGN_STYLE = Automatic;
				CURRENT_PROJECT_VERSION = 1;
				DEVELOPMENT_TEAM = K3JR62TZ76;
				GENERATE_INFOPLIST_FILE = YES;
				MARKETING_VERSION = 1.0;
				PRODUCT_BUNDLE_IDENTIFIER = com.isad.MaskingUITests;
				PRODUCT_NAME = "$(TARGET_NAME)";
				SWIFT_EMIT_LOC_STRINGS = NO;
				SWIFT_VERSION = 5.0;
				TARGETED_DEVICE_FAMILY = "1,2";
				TEST_TARGET_NAME = Masking;
			};
			name = Release;
		};
/* End XCBuildConfiguration section */

/* Begin XCConfigurationList section */
		9E58A4E52C1EF756000A9913 /* Build configuration list for PBXProject "Masking" */ = {
			isa = XCConfigurationList;
			buildConfigurations = (
				9E58A50C2C1EF758000A9913 /* Debug */,
				9E58A50D2C1EF758000A9913 /* Release */,
			);
			defaultConfigurationIsVisible = 0;
			defaultConfigurationName = Release;
		};
		9E58A50E2C1EF758000A9913 /* Build configuration list for PBXNativeTarget "Masking" */ = {
			isa = XCConfigurationList;
			buildConfigurations = (
				9E58A50F2C1EF758000A9913 /* Debug */,
				9E58A5102C1EF758000A9913 /* Release */,
			);
			defaultConfigurationIsVisible = 0;
			defaultConfigurationName = Release;
		};
		9E58A5112C1EF758000A9913 /* Build configuration list for PBXNativeTarget "MaskingTests" */ = {
			isa = XCConfigurationList;
			buildConfigurations = (
				9E58A5122C1EF758000A9913 /* Debug */,
				9E58A5132C1EF758000A9913 /* Release */,
			);
			defaultConfigurationIsVisible = 0;
			defaultConfigurationName = Release;
		};
		9E58A5142C1EF758000A9913 /* Build configuration list for PBXNativeTarget "MaskingUITests" */ = {
			isa = XCConfigurationList;
			buildConfigurations = (
				9E58A5152C1EF758000A9913 /* Debug */,
				9E58A5162C1EF758000A9913 /* Release */,
			);
			defaultConfigurationIsVisible = 0;
			defaultConfigurationName = Release;
		};
/* End XCConfigurationList section */
	};
	rootObject = 9E58A4E22C1EF756000A9913 /* Project object */;
}
